
Microsoft Visual Studio Solution File, Format Version 12.00
# Visual Studio Version 17
VisualStudioVersion = 17.4.33122.133
MinimumVisualStudioVersion = 10.0.40219.1
Project("{9A19103F-16F7-4668-BE54-9A1E7A4F7556}") = "AOC1", "AOC1\AOC1.csproj", "{5DB52054-80C7-46F2-8E56-0D140288737A}"
EndProject
Project("{9A19103F-16F7-4668-BE54-9A1E7A4F7556}") = "AOC2", "AOC2\AOC2.csproj", "{2811FC71-9F98-4966-BF40-761D6B15A660}"
EndProject
Project("{9A19103F-16F7-4668-BE54-9A1E7A4F7556}") = "AOC3", "AOC3\AOC3.csproj", "{8610C469-4F78-4F1F-B3B8-0D1818E684E9}"
EndProject
Project("{9A19103F-16F7-4668-BE54-9A1E7A4F7556}") = "AOC4", "AOC4\AOC4.csproj", "{F237021E-9FE9-42DE-9334-F1BC7D05E95D}"
EndProject
Project("{9A19103F-16F7-4668-BE54-9A1E7A4F7556}") = "AOC5", "AOC5\AOC5.csproj", "{75A5C849-F27B-4A4B-8410-0B5EF0894B76}"
EndProject
Project("{9A19103F-16F7-4668-BE54-9A1E7A4F7556}") = "AOC6", "AOC6\AOC6.csproj", "{86FA364B-87DE-4117-AEFE-36B981E60BA2}"
EndProject
Project("{9A19103F-16F7-4668-BE54-9A1E7A4F7556}") = "AOC7", "AOC7\AOC7.csproj", "{2024E4B6-73C7-469A-AFBA-D50A4E16CB6D}"
EndProject
Project("{9A19103F-16F7-4668-BE54-9A1E7A4F7556}") = "AOC8", "AOC8\AOC8.csproj", "{CE8ACE6A-4D45-479F-8619-47064C2B779E}"
EndProject
Project("{9A19103F-16F7-4668-BE54-9A1E7A4F7556}") = "AOC9", "AOC9\AOC9.csproj", "{A89888C8-3F51-433F-A493-249DE7437538}"
EndProject
Project("{9A19103F-16F7-4668-BE54-9A1E7A4F7556}") = "AOC10", "AOC10\AOC10.csproj", "{AEC11C81-8AB5-459B-9063-7F32547DD0BF}"
EndProject
Project("{FAE04EC0-301F-11D3-BF4B-00C04F79EFBC}") = "AOC11", "AOC11\AOC11.csproj", "{EA762247-8266-43DD-B04C-4C6DBF5A4FB6}"
EndProject
Global
	GlobalSection(SolutionConfigurationPlatforms) = preSolution
		Debug|Any CPU = Debug|Any CPU
		Release|Any CPU = Release|Any CPU
	EndGlobalSection
	GlobalSection(ProjectConfigurationPlatforms) = postSolution
		{5DB52054-80C7-46F2-8E56-0D140288737A}.Debug|Any CPU.ActiveCfg = Debug|Any CPU
		{5DB52054-80C7-46F2-8E56-0D140288737A}.Debug|Any CPU.Build.0 = Debug|Any CPU
		{5DB52054-80C7-46F2-8E56-0D140288737A}.Release|Any CPU.ActiveCfg = Release|Any CPU
		{5DB52054-80C7-46F2-8E56-0D140288737A}.Release|Any CPU.Build.0 = Release|Any CPU
		{2811FC71-9F98-4966-BF40-761D6B15A660}.Debug|Any CPU.ActiveCfg = Debug|Any CPU
		{2811FC71-9F98-4966-BF40-761D6B15A660}.Debug|Any CPU.Build.0 = Debug|Any CPU
		{2811FC71-9F98-4966-BF40-761D6B15A660}.Release|Any CPU.ActiveCfg = Release|Any CPU
		{2811FC71-9F98-4966-BF40-761D6B15A660}.Release|Any CPU.Build.0 = Release|Any CPU
		{8610C469-4F78-4F1F-B3B8-0D1818E684E9}.Debug|Any CPU.ActiveCfg = Debug|Any CPU
		{8610C469-4F78-4F1F-B3B8-0D1818E684E9}.Debug|Any CPU.Build.0 = Debug|Any CPU
		{8610C469-4F78-4F1F-B3B8-0D1818E684E9}.Release|Any CPU.ActiveCfg = Release|Any CPU
		{8610C469-4F78-4F1F-B3B8-0D1818E684E9}.Release|Any CPU.Build.0 = Release|Any CPU
		{F237021E-9FE9-42DE-9334-F1BC7D05E95D}.Debug|Any CPU.ActiveCfg = Debug|Any CPU
		{F237021E-9FE9-42DE-9334-F1BC7D05E95D}.Debug|Any CPU.Build.0 = Debug|Any CPU
		{F237021E-9FE9-42DE-9334-F1BC7D05E95D}.Release|Any CPU.ActiveCfg = Release|Any CPU
		{F237021E-9FE9-42DE-9334-F1BC7D05E95D}.Release|Any CPU.Build.0 = Release|Any CPU
		{75A5C849-F27B-4A4B-8410-0B5EF0894B76}.Debug|Any CPU.ActiveCfg = Debug|Any CPU
		{75A5C849-F27B-4A4B-8410-0B5EF0894B76}.Debug|Any CPU.Build.0 = Debug|Any CPU
		{75A5C849-F27B-4A4B-8410-0B5EF0894B76}.Release|Any CPU.ActiveCfg = Release|Any CPU
		{75A5C849-F27B-4A4B-8410-0B5EF0894B76}.Release|Any CPU.Build.0 = Release|Any CPU
		{86FA364B-87DE-4117-AEFE-36B981E60BA2}.Debug|Any CPU.ActiveCfg = Debug|Any CPU
		{86FA364B-87DE-4117-AEFE-36B981E60BA2}.Debug|Any CPU.Build.0 = Debug|Any CPU
		{86FA364B-87DE-4117-AEFE-36B981E60BA2}.Release|Any CPU.ActiveCfg = Release|Any CPU
		{86FA364B-87DE-4117-AEFE-36B981E60BA2}.Release|Any CPU.Build.0 = Release|Any CPU
		{2024E4B6-73C7-469A-AFBA-D50A4E16CB6D}.Debug|Any CPU.ActiveCfg = Debug|Any CPU
		{2024E4B6-73C7-469A-AFBA-D50A4E16CB6D}.Debug|Any CPU.Build.0 = Debug|Any CPU
		{2024E4B6-73C7-469A-AFBA-D50A4E16CB6D}.Release|Any CPU.ActiveCfg = Release|Any CPU
		{2024E4B6-73C7-469A-AFBA-D50A4E16CB6D}.Release|Any CPU.Build.0 = Release|Any CPU
		{CE8ACE6A-4D45-479F-8619-47064C2B779E}.Debug|Any CPU.ActiveCfg = Debug|Any CPU
		{CE8ACE6A-4D45-479F-8619-47064C2B779E}.Debug|Any CPU.Build.0 = Debug|Any CPU
		{CE8ACE6A-4D45-479F-8619-47064C2B779E}.Release|Any CPU.ActiveCfg = Release|Any CPU
		{CE8ACE6A-4D45-479F-8619-47064C2B779E}.Release|Any CPU.Build.0 = Release|Any CPU
		{A89888C8-3F51-433F-A493-249DE7437538}.Debug|Any CPU.ActiveCfg = Debug|Any CPU
		{A89888C8-3F51-433F-A493-249DE7437538}.Debug|Any CPU.Build.0 = Debug|Any CPU
		{A89888C8-3F51-433F-A493-249DE7437538}.Release|Any CPU.ActiveCfg = Release|Any CPU
		{A89888C8-3F51-433F-A493-249DE7437538}.Release|Any CPU.Build.0 = Release|Any CPU
		{AEC11C81-8AB5-459B-9063-7F32547DD0BF}.Debug|Any CPU.ActiveCfg = Debug|Any CPU
		{AEC11C81-8AB5-459B-9063-7F32547DD0BF}.Debug|Any CPU.Build.0 = Debug|Any CPU
		{AEC11C81-8AB5-459B-9063-7F32547DD0BF}.Release|Any CPU.ActiveCfg = Release|Any CPU
		{AEC11C81-8AB5-459B-9063-7F32547DD0BF}.Release|Any CPU.Build.0 = Release|Any CPU
		{EA762247-8266-43DD-B04C-4C6DBF5A4FB6}.Debug|Any CPU.ActiveCfg = Debug|Any CPU
		{EA762247-8266-43DD-B04C-4C6DBF5A4FB6}.Debug|Any CPU.Build.0 = Debug|Any CPU
		{EA762247-8266-43DD-B04C-4C6DBF5A4FB6}.Release|Any CPU.ActiveCfg = Release|Any CPU
		{EA762247-8266-43DD-B04C-4C6DBF5A4FB6}.Release|Any CPU.Build.0 = Release|Any CPU
	EndGlobalSection
	GlobalSection(SolutionProperties) = preSolution
		HideSolutionNode = FALSE
	EndGlobalSection
	GlobalSection(ExtensibilityGlobals) = postSolution
		SolutionGuid = {D2C1A0B5-0598-4F18-9855-9CFEC1DE1415}
	EndGlobalSection
EndGlobal
